// !$*UTF8*$!
{
	archiveVersion = 1;
	classes = {
	};
	objectVersion = 56;
	objects = {

/* Begin PBXBuildFile section */
		5035B21E2BDEE7C300525955 /* WeatherWise Watch App.app in Embed Watch Content */ = {isa = PBXBuildFile; fileRef = 5035B21D2BDEE7C300525955 /* WeatherWise Watch App.app */; settings = {ATTRIBUTES = (RemoveHeadersOnCopy, ); }; };
		5035B2232BDEE7C300525955 /* WeatherWiseApp.swift in Sources */ = {isa = PBXBuildFile; fileRef = 5035B2222BDEE7C300525955 /* WeatherWiseApp.swift */; };
		5035B2252BDEE7C300525955 /* ContentView.swift in Sources */ = {isa = PBXBuildFile; fileRef = 5035B2242BDEE7C300525955 /* ContentView.swift */; };
		5035B2272BDEE7C600525955 /* Assets.xcassets in Resources */ = {isa = PBXBuildFile; fileRef = 5035B2262BDEE7C600525955 /* Assets.xcassets */; };
		5035B22A2BDEE7C600525955 /* Preview Assets.xcassets in Resources */ = {isa = PBXBuildFile; fileRef = 5035B2292BDEE7C600525955 /* Preview Assets.xcassets */; };
		5035B2352BDEEAA300525955 /* SplashScreenView.swift in Sources */ = {isa = PBXBuildFile; fileRef = 5035B2342BDEEAA300525955 /* SplashScreenView.swift */; };
		5035B2392BDEF60300525955 /* SideMenuView.swift in Sources */ = {isa = PBXBuildFile; fileRef = 5035B2382BDEF60300525955 /* SideMenuView.swift */; };
		5035B23B2BDEF75C00525955 /* SideMenuContentView.swift in Sources */ = {isa = PBXBuildFile; fileRef = 5035B23A2BDEF75C00525955 /* SideMenuContentView.swift */; };
		5035B23D2BDF014A00525955 /* Colors.swift in Sources */ = {isa = PBXBuildFile; fileRef = 5035B23C2BDF014A00525955 /* Colors.swift */; };
		5035B23F2BDF12C600525955 /* WeatherDeatilPage.swift in Sources */ = {isa = PBXBuildFile; fileRef = 5035B23E2BDF12C600525955 /* WeatherDeatilPage.swift */; };
		5035B2432BDF475B00525955 /* NextdayWeatherView.swift in Sources */ = {isa = PBXBuildFile; fileRef = 5035B2422BDF475B00525955 /* NextdayWeatherView.swift */; };
		5098BEDF2BF041C800C74FB5 /* Helpers.swift in Sources */ = {isa = PBXBuildFile; fileRef = 5098BEDE2BF041C800C74FB5 /* Helpers.swift */; };
		5098BEE42BF12FAA00C74FB5 /* AboutUsView.swift in Sources */ = {isa = PBXBuildFile; fileRef = 5098BEE32BF12FAA00C74FB5 /* AboutUsView.swift */; };
		50E4BFE52BF01D63005D5850 /* Alamofire in Frameworks */ = {isa = PBXBuildFile; productRef = 50E4BFE42BF01D63005D5850 /* Alamofire */; };
		50E4BFE72BF01D63005D5850 /* AlamofireDynamic in Frameworks */ = {isa = PBXBuildFile; productRef = 50E4BFE62BF01D63005D5850 /* AlamofireDynamic */; };
		50E4BFEA2BF01D7E005D5850 /* WeatherModel.swift in Sources */ = {isa = PBXBuildFile; fileRef = 50E4BFE92BF01D7E005D5850 /* WeatherModel.swift */; };
/* End PBXBuildFile section */

/* Begin PBXContainerItemProxy section */
		5035B21F2BDEE7C300525955 /* PBXContainerItemProxy */ = {
			isa = PBXContainerItemProxy;
			containerPortal = 5035B2112BDEE7C300525955 /* Project object */;
			proxyType = 1;
			remoteGlobalIDString = 5035B21C2BDEE7C300525955;
			remoteInfo = "WeatherWise Watch App";
		};
/* End PBXContainerItemProxy section */

/* Begin PBXCopyFilesBuildPhase section */
		5035B2302BDEE7C600525955 /* Embed Watch Content */ = {
			isa = PBXCopyFilesBuildPhase;
			buildActionMask = 2147483647;
			dstPath = "$(CONTENTS_FOLDER_PATH)/Watch";
			dstSubfolderSpec = 16;
			files = (
				5035B21E2BDEE7C300525955 /* WeatherWise Watch App.app in Embed Watch Content */,
			);
			name = "Embed Watch Content";
			runOnlyForDeploymentPostprocessing = 0;
		};
/* End PBXCopyFilesBuildPhase section */

/* Begin PBXFileReference section */
		5035B2172BDEE7C300525955 /* WeatherWise.app */ = {isa = PBXFileReference; explicitFileType = wrapper.application; includeInIndex = 0; path = WeatherWise.app; sourceTree = BUILT_PRODUCTS_DIR; };
		5035B21D2BDEE7C300525955 /* WeatherWise Watch App.app */ = {isa = PBXFileReference; explicitFileType = wrapper.application; includeInIndex = 0; path = "WeatherWise Watch App.app"; sourceTree = BUILT_PRODUCTS_DIR; };
		5035B2222BDEE7C300525955 /* WeatherWiseApp.swift */ = {isa = PBXFileReference; lastKnownFileType = sourcecode.swift; path = WeatherWiseApp.swift; sourceTree = "<group>"; };
		5035B2242BDEE7C300525955 /* ContentView.swift */ = {isa = PBXFileReference; lastKnownFileType = sourcecode.swift; path = ContentView.swift; sourceTree = "<group>"; };
		5035B2262BDEE7C600525955 /* Assets.xcassets */ = {isa = PBXFileReference; lastKnownFileType = folder.assetcatalog; path = Assets.xcassets; sourceTree = "<group>"; };
		5035B2292BDEE7C600525955 /* Preview Assets.xcassets */ = {isa = PBXFileReference; lastKnownFileType = folder.assetcatalog; path = "Preview Assets.xcassets"; sourceTree = "<group>"; };
		5035B2342BDEEAA300525955 /* SplashScreenView.swift */ = {isa = PBXFileReference; lastKnownFileType = sourcecode.swift; path = SplashScreenView.swift; sourceTree = "<group>"; };
		5035B2382BDEF60300525955 /* SideMenuView.swift */ = {isa = PBXFileReference; lastKnownFileType = sourcecode.swift; path = SideMenuView.swift; sourceTree = "<group>"; };
		5035B23A2BDEF75C00525955 /* SideMenuContentView.swift */ = {isa = PBXFileReference; lastKnownFileType = sourcecode.swift; path = SideMenuContentView.swift; sourceTree = "<group>"; };
		5035B23C2BDF014A00525955 /* Colors.swift */ = {isa = PBXFileReference; lastKnownFileType = sourcecode.swift; path = Colors.swift; sourceTree = "<group>"; };
		5035B23E2BDF12C600525955 /* WeatherDeatilPage.swift */ = {isa = PBXFileReference; lastKnownFileType = sourcecode.swift; path = WeatherDeatilPage.swift; sourceTree = "<group>"; };
		5035B2422BDF475B00525955 /* NextdayWeatherView.swift */ = {isa = PBXFileReference; lastKnownFileType = sourcecode.swift; path = NextdayWeatherView.swift; sourceTree = "<group>"; };
		5098BEDE2BF041C800C74FB5 /* Helpers.swift */ = {isa = PBXFileReference; lastKnownFileType = sourcecode.swift; path = Helpers.swift; sourceTree = "<group>"; };
		5098BEE32BF12FAA00C74FB5 /* AboutUsView.swift */ = {isa = PBXFileReference; lastKnownFileType = sourcecode.swift; path = AboutUsView.swift; sourceTree = "<group>"; };
		50E4BFE92BF01D7E005D5850 /* WeatherModel.swift */ = {isa = PBXFileReference; lastKnownFileType = sourcecode.swift; path = WeatherModel.swift; sourceTree = "<group>"; };
/* End PBXFileReference section */

/* Begin PBXFrameworksBuildPhase section */
		5035B21A2BDEE7C300525955 /* Frameworks */ = {
			isa = PBXFrameworksBuildPhase;
			buildActionMask = 2147483647;
			files = (
				50E4BFE52BF01D63005D5850 /* Alamofire in Frameworks */,
				50E4BFE72BF01D63005D5850 /* AlamofireDynamic in Frameworks */,
			);
			runOnlyForDeploymentPostprocessing = 0;
		};
/* End PBXFrameworksBuildPhase section */

/* Begin PBXGroup section */
		5035B2102BDEE7C300525955 = {
			isa = PBXGroup;
			children = (
				5035B2212BDEE7C300525955 /* WeatherWise Watch App */,
				5035B2182BDEE7C300525955 /* Products */,
			);
			sourceTree = "<group>";
		};
		5035B2182BDEE7C300525955 /* Products */ = {
			isa = PBXGroup;
			children = (
				5035B2172BDEE7C300525955 /* WeatherWise.app */,
				5035B21D2BDEE7C300525955 /* WeatherWise Watch App.app */,
			);
			name = Products;
			sourceTree = "<group>";
		};
		5035B2212BDEE7C300525955 /* WeatherWise Watch App */ = {
			isa = PBXGroup;
			children = (
				5098BEE12BF12F5900C74FB5 /* Helper */,
				5098BEE02BF12F2900C74FB5 /* View */,
				50E4BFE82BF01D6B005D5850 /* Model */,
				5035B2262BDEE7C600525955 /* Assets.xcassets */,
				5035B2282BDEE7C600525955 /* Preview Content */,
			);
			path = "WeatherWise Watch App";
			sourceTree = "<group>";
		};
		5035B2282BDEE7C600525955 /* Preview Content */ = {
			isa = PBXGroup;
			children = (
				5035B2292BDEE7C600525955 /* Preview Assets.xcassets */,
			);
			path = "Preview Content";
			sourceTree = "<group>";
		};
		5098BEE02BF12F2900C74FB5 /* View */ = {
			isa = PBXGroup;
			children = (
				5098BEE22BF12F6F00C74FB5 /* Component */,
				5035B2422BDF475B00525955 /* NextdayWeatherView.swift */,
				5035B2242BDEE7C300525955 /* ContentView.swift */,
				5035B2342BDEEAA300525955 /* SplashScreenView.swift */,
				5035B23E2BDF12C600525955 /* WeatherDeatilPage.swift */,
				5035B2222BDEE7C300525955 /* WeatherWiseApp.swift */,
				5098BEE32BF12FAA00C74FB5 /* AboutUsView.swift */,
			);
			path = View;
			sourceTree = "<group>";
		};
		5098BEE12BF12F5900C74FB5 /* Helper */ = {
			isa = PBXGroup;
			children = (
				5035B23C2BDF014A00525955 /* Colors.swift */,
				5098BEDE2BF041C800C74FB5 /* Helpers.swift */,
			);
			path = Helper;
			sourceTree = "<group>";
		};
		5098BEE22BF12F6F00C74FB5 /* Component */ = {
			isa = PBXGroup;
			children = (
				5035B23A2BDEF75C00525955 /* SideMenuContentView.swift */,
				5035B2382BDEF60300525955 /* SideMenuView.swift */,
			);
			path = Component;
			sourceTree = "<group>";
		};
		50E4BFE82BF01D6B005D5850 /* Model */ = {
			isa = PBXGroup;
			children = (
				50E4BFE92BF01D7E005D5850 /* WeatherModel.swift */,
			);
			path = Model;
			sourceTree = "<group>";
		};
/* End PBXGroup section */

/* Begin PBXNativeTarget section */
		5035B2162BDEE7C300525955 /* WeatherWise */ = {
			isa = PBXNativeTarget;
			buildConfigurationList = 5035B2312BDEE7C600525955 /* Build configuration list for PBXNativeTarget "WeatherWise" */;
			buildPhases = (
				5035B2152BDEE7C300525955 /* Resources */,
				5035B2302BDEE7C600525955 /* Embed Watch Content */,
			);
			buildRules = (
			);
			dependencies = (
				5035B2202BDEE7C300525955 /* PBXTargetDependency */,
			);
			name = WeatherWise;
			productName = WeatherWise;
			productReference = 5035B2172BDEE7C300525955 /* WeatherWise.app */;
			productType = "com.apple.product-type.application.watchapp2-container";
		};
		5035B21C2BDEE7C300525955 /* WeatherWise Watch App */ = {
			isa = PBXNativeTarget;
			buildConfigurationList = 5035B22D2BDEE7C600525955 /* Build configuration list for PBXNativeTarget "WeatherWise Watch App" */;
			buildPhases = (
				5035B2192BDEE7C300525955 /* Sources */,
				5035B21A2BDEE7C300525955 /* Frameworks */,
				5035B21B2BDEE7C300525955 /* Resources */,
			);
			buildRules = (
			);
			dependencies = (
			);
			name = "WeatherWise Watch App";
			packageProductDependencies = (
				50E4BFE42BF01D63005D5850 /* Alamofire */,
				50E4BFE62BF01D63005D5850 /* AlamofireDynamic */,
			);
			productName = "WeatherWise Watch App";
			productReference = 5035B21D2BDEE7C300525955 /* WeatherWise Watch App.app */;
			productType = "com.apple.product-type.application";
		};
/* End PBXNativeTarget section */

/* Begin PBXProject section */
		5035B2112BDEE7C300525955 /* Project object */ = {
			isa = PBXProject;
			attributes = {
				BuildIndependentTargetsInParallel = 1;
				LastSwiftUpdateCheck = 1530;
				LastUpgradeCheck = 1530;
				TargetAttributes = {
					5035B2162BDEE7C300525955 = {
						CreatedOnToolsVersion = 15.3;
					};
					5035B21C2BDEE7C300525955 = {
						CreatedOnToolsVersion = 15.3;
					};
				};
			};
			buildConfigurationList = 5035B2142BDEE7C300525955 /* Build configuration list for PBXProject "WeatherWise" */;
			compatibilityVersion = "Xcode 14.0";
			developmentRegion = en;
			hasScannedForEncodings = 0;
			knownRegions = (
				en,
				Base,
			);
			mainGroup = 5035B2102BDEE7C300525955;
			packageReferences = (
				50E4BFE32BF01D62005D5850 /* XCRemoteSwiftPackageReference "Alamofire" */,
			);
			productRefGroup = 5035B2182BDEE7C300525955 /* Products */;
			projectDirPath = "";
			projectRoot = "";
			targets = (
				5035B2162BDEE7C300525955 /* WeatherWise */,
				5035B21C2BDEE7C300525955 /* WeatherWise Watch App */,
			);
		};
/* End PBXProject section */

/* Begin PBXResourcesBuildPhase section */
		5035B2152BDEE7C300525955 /* Resources */ = {
			isa = PBXResourcesBuildPhase;
			buildActionMask = 2147483647;
			files = (
			);
			runOnlyForDeploymentPostprocessing = 0;
		};
		5035B21B2BDEE7C300525955 /* Resources */ = {
			isa = PBXResourcesBuildPhase;
			buildActionMask = 2147483647;
			files = (
				5035B22A2BDEE7C600525955 /* Preview Assets.xcassets in Resources */,
				5035B2272BDEE7C600525955 /* Assets.xcassets in Resources */,
			);
			runOnlyForDeploymentPostprocessing = 0;
		};
/* End PBXResourcesBuildPhase section */

/* Begin PBXSourcesBuildPhase section */
		5035B2192BDEE7C300525955 /* Sources */ = {
			isa = PBXSourcesBuildPhase;
			buildActionMask = 2147483647;
			files = (
				5035B2252BDEE7C300525955 /* ContentView.swift in Sources */,
				5035B23D2BDF014A00525955 /* Colors.swift in Sources */,
				5035B23F2BDF12C600525955 /* WeatherDeatilPage.swift in Sources */,
				5035B2432BDF475B00525955 /* NextdayWeatherView.swift in Sources */,
				50E4BFEA2BF01D7E005D5850 /* WeatherModel.swift in Sources */,
				5035B2232BDEE7C300525955 /* WeatherWiseApp.swift in Sources */,
				5035B23B2BDEF75C00525955 /* SideMenuContentView.swift in Sources */,
				5098BEE42BF12FAA00C74FB5 /* AboutUsView.swift in Sources */,
				5098BEDF2BF041C800C74FB5 /* Helpers.swift in Sources */,
				5035B2392BDEF60300525955 /* SideMenuView.swift in Sources */,
				5035B2352BDEEAA300525955 /* SplashScreenView.swift in Sources */,
			);
			runOnlyForDeploymentPostprocessing = 0;
		};
/* End PBXSourcesBuildPhase section */

/* Begin PBXTargetDependency section */
		5035B2202BDEE7C300525955 /* PBXTargetDependency */ = {
			isa = PBXTargetDependency;
			target = 5035B21C2BDEE7C300525955 /* WeatherWise Watch App */;
			targetProxy = 5035B21F2BDEE7C300525955 /* PBXContainerItemProxy */;
		};
/* End PBXTargetDependency section */

/* Begin XCBuildConfiguration section */
		5035B22B2BDEE7C600525955 /* Debug */ = {
			isa = XCBuildConfiguration;
			buildSettings = {
				ALWAYS_SEARCH_USER_PATHS = NO;
				ASSETCATALOG_COMPILER_GENERATE_SWIFT_ASSET_SYMBOL_EXTENSIONS = YES;
				CLANG_ANALYZER_NONNULL = YES;
				CLANG_ANALYZER_NUMBER_OBJECT_CONVERSION = YES_AGGRESSIVE;
				CLANG_CXX_LANGUAGE_STANDARD = "gnu++20";
				CLANG_ENABLE_MODULES = YES;
				CLANG_ENABLE_OBJC_ARC = YES;
				CLANG_ENABLE_OBJC_WEAK = YES;
				CLANG_WARN_BLOCK_CAPTURE_AUTORELEASING = YES;
				CLANG_WARN_BOOL_CONVERSION = YES;
				CLANG_WARN_COMMA = YES;
				CLANG_WARN_CONSTANT_CONVERSION = YES;
				CLANG_WARN_DEPRECATED_OBJC_IMPLEMENTATIONS = YES;
				CLANG_WARN_DIRECT_OBJC_ISA_USAGE = YES_ERROR;
				CLANG_WARN_DOCUMENTATION_COMMENTS = YES;
				CLANG_WARN_EMPTY_BODY = YES;
				CLANG_WARN_ENUM_CONVERSION = YES;
				CLANG_WARN_INFINITE_RECURSION = YES;
				CLANG_WARN_INT_CONVERSION = YES;
				CLANG_WARN_NON_LITERAL_NULL_CONVERSION = YES;
				CLANG_WARN_OBJC_IMPLICIT_RETAIN_SELF = YES;
				CLANG_WARN_OBJC_LITERAL_CONVERSION = YES;
				CLANG_WARN_OBJC_ROOT_CLASS = YES_ERROR;
				CLANG_WARN_QUOTED_INCLUDE_IN_FRAMEWORK_HEADER = YES;
				CLANG_WARN_RANGE_LOOP_ANALYSIS = YES;
				CLANG_WARN_STRICT_PROTOTYPES = YES;
				CLANG_WARN_SUSPICIOUS_MOVE = YES;
				CLANG_WARN_UNGUARDED_AVAILABILITY = YES_AGGRESSIVE;
				CLANG_WARN_UNREACHABLE_CODE = YES;
				CLANG_WARN__DUPLICATE_METHOD_MATCH = YES;
				COPY_PHASE_STRIP = NO;
				DEBUG_INFORMATION_FORMAT = dwarf;
				ENABLE_STRICT_OBJC_MSGSEND = YES;
				ENABLE_TESTABILITY = YES;
				ENABLE_USER_SCRIPT_SANDBOXING = YES;
				GCC_C_LANGUAGE_STANDARD = gnu17;
				GCC_DYNAMIC_NO_PIC = NO;
				GCC_NO_COMMON_BLOCKS = YES;
				GCC_OPTIMIZATION_LEVEL = 0;
				GCC_PREPROCESSOR_DEFINITIONS = (
					"DEBUG=1",
					"$(inherited)",
				);
				GCC_WARN_64_TO_32_BIT_CONVERSION = YES;
				GCC_WARN_ABOUT_RETURN_TYPE = YES_ERROR;
				GCC_WARN_UNDECLARED_SELECTOR = YES;
				GCC_WARN_UNINITIALIZED_AUTOS = YES_AGGRESSIVE;
				GCC_WARN_UNUSED_FUNCTION = YES;
				GCC_WARN_UNUSED_VARIABLE = YES;
				LOCALIZATION_PREFERS_STRING_CATALOGS = YES;
				MTL_ENABLE_DEBUG_INFO = INCLUDE_SOURCE;
				MTL_FAST_MATH = YES;
				ONLY_ACTIVE_ARCH = YES;
				SWIFT_ACTIVE_COMPILATION_CONDITIONS = "DEBUG $(inherited)";
				SWIFT_OPTIMIZATION_LEVEL = "-Onone";
			};
			name = Debug;
		};
		5035B22C2BDEE7C600525955 /* Release */ = {
			isa = XCBuildConfiguration;
			buildSettings = {
				ALWAYS_SEARCH_USER_PATHS = NO;
				ASSETCATALOG_COMPILER_GENERATE_SWIFT_ASSET_SYMBOL_EXTENSIONS = YES;
				CLANG_ANALYZER_NONNULL = YES;
				CLANG_ANALYZER_NUMBER_OBJECT_CONVERSION = YES_AGGRESSIVE;
				CLANG_CXX_LANGUAGE_STANDARD = "gnu++20";
				CLANG_ENABLE_MODULES = YES;
				CLANG_ENABLE_OBJC_ARC = YES;
				CLANG_ENABLE_OBJC_WEAK = YES;
				CLANG_WARN_BLOCK_CAPTURE_AUTORELEASING = YES;
				CLANG_WARN_BOOL_CONVERSION = YES;
				CLANG_WARN_COMMA = YES;
				CLANG_WARN_CONSTANT_CONVERSION = YES;
				CLANG_WARN_DEPRECATED_OBJC_IMPLEMENTATIONS = YES;
				CLANG_WARN_DIRECT_OBJC_ISA_USAGE = YES_ERROR;
				CLANG_WARN_DOCUMENTATION_COMMENTS = YES;
				CLANG_WARN_EMPTY_BODY = YES;
				CLANG_WARN_ENUM_CONVERSION = YES;
				CLANG_WARN_INFINITE_RECURSION = YES;
				CLANG_WARN_INT_CONVERSION = YES;
				CLANG_WARN_NON_LITERAL_NULL_CONVERSION = YES;
				CLANG_WARN_OBJC_IMPLICIT_RETAIN_SELF = YES;
				CLANG_WARN_OBJC_LITERAL_CONVERSION = YES;
				CLANG_WARN_OBJC_ROOT_CLASS = YES_ERROR;
				CLANG_WARN_QUOTED_INCLUDE_IN_FRAMEWORK_HEADER = YES;
				CLANG_WARN_RANGE_LOOP_ANALYSIS = YES;
				CLANG_WARN_STRICT_PROTOTYPES = YES;
				CLANG_WARN_SUSPICIOUS_MOVE = YES;
				CLANG_WARN_UNGUARDED_AVAILABILITY = YES_AGGRESSIVE;
				CLANG_WARN_UNREACHABLE_CODE = YES;
				CLANG_WARN__DUPLICATE_METHOD_MATCH = YES;
				COPY_PHASE_STRIP = NO;
				DEBUG_INFORMATION_FORMAT = "dwarf-with-dsym";
				ENABLE_NS_ASSERTIONS = NO;
				ENABLE_STRICT_OBJC_MSGSEND = YES;
				ENABLE_USER_SCRIPT_SANDBOXING = YES;
				GCC_C_LANGUAGE_STANDARD = gnu17;
				GCC_NO_COMMON_BLOCKS = YES;
				GCC_WARN_64_TO_32_BIT_CONVERSION = YES;
				GCC_WARN_ABOUT_RETURN_TYPE = YES_ERROR;
				GCC_WARN_UNDECLARED_SELECTOR = YES;
				GCC_WARN_UNINITIALIZED_AUTOS = YES_AGGRESSIVE;
				GCC_WARN_UNUSED_FUNCTION = YES;
				GCC_WARN_UNUSED_VARIABLE = YES;
				LOCALIZATION_PREFERS_STRING_CATALOGS = YES;
				MTL_ENABLE_DEBUG_INFO = NO;
				MTL_FAST_MATH = YES;
				SWIFT_COMPILATION_MODE = wholemodule;
			};
			name = Release;
		};
		5035B22E2BDEE7C600525955 /* Debug */ = {
			isa = XCBuildConfiguration;
			buildSettings = {
				ASSETCATALOG_COMPILER_APPICON_NAME = AppIcon;
				ASSETCATALOG_COMPILER_GLOBAL_ACCENT_COLOR_NAME = AccentColor;
				CODE_SIGN_STYLE = Automatic;
				CURRENT_PROJECT_VERSION = 1;
				DEVELOPMENT_ASSET_PATHS = "\"WeatherWise Watch App/Preview Content\"";
				ENABLE_PREVIEWS = YES;
				GENERATE_INFOPLIST_FILE = YES;
				INFOPLIST_FILE = "WeatherWise-Watch-App-Info.plist";
				INFOPLIST_KEY_CFBundleDisplayName = WeatherWise;
				INFOPLIST_KEY_UISupportedInterfaceOrientations = "UIInterfaceOrientationPortrait UIInterfaceOrientationPortraitUpsideDown";
				INFOPLIST_KEY_WKWatchOnly = YES;
				LD_RUNPATH_SEARCH_PATHS = (
					"$(inherited)",
					"@executable_path/Frameworks",
				);
				MARKETING_VERSION = 1.0;
				PRODUCT_BUNDLE_IDENTIFIER = np.com.paurakhsaud.WeatherWise.watchkitapp;
				PRODUCT_NAME = "$(TARGET_NAME)";
				SDKROOT = watchos;
				SKIP_INSTALL = YES;
				SWIFT_EMIT_LOC_STRINGS = YES;
				SWIFT_VERSION = 5.0;
				TARGETED_DEVICE_FAMILY = 4;
				WATCHOS_DEPLOYMENT_TARGET = 10.4;
			};
			name = Debug;
		};
		5035B22F2BDEE7C600525955 /* Release */ = {
			isa = XCBuildConfiguration;
			buildSettings = {
				ASSETCATALOG_COMPILER_APPICON_NAME = AppIcon;
				ASSETCATALOG_COMPILER_GLOBAL_ACCENT_COLOR_NAME = AccentColor;
				CODE_SIGN_STYLE = Automatic;
				CURRENT_PROJECT_VERSION = 1;
				DEVELOPMENT_ASSET_PATHS = "\"WeatherWise Watch App/Preview Content\"";
				ENABLE_PREVIEWS = YES;
				GENERATE_INFOPLIST_FILE = YES;
				INFOPLIST_FILE = "WeatherWise-Watch-App-Info.plist";
				INFOPLIST_KEY_CFBundleDisplayName = WeatherWise;
				INFOPLIST_KEY_UISupportedInterfaceOrientations = "UIInterfaceOrientationPortrait UIInterfaceOrientationPortraitUpsideDown";
				INFOPLIST_KEY_WKWatchOnly = YES;
				LD_RUNPATH_SEARCH_PATHS = (
					"$(inherited)",
					"@executable_path/Frameworks",
				);
				MARKETING_VERSION = 1.0;
				PRODUCT_BUNDLE_IDENTIFIER = np.com.paurakhsaud.WeatherWise.watchkitapp;
				PRODUCT_NAME = "$(TARGET_NAME)";
				SDKROOT = watchos;
				SKIP_INSTALL = YES;
				SWIFT_EMIT_LOC_STRINGS = YES;
				SWIFT_VERSION = 5.0;
				TARGETED_DEVICE_FAMILY = 4;
				VALIDATE_PRODUCT = YES;
				WATCHOS_DEPLOYMENT_TARGET = 10.4;
			};
			name = Release;
		};
		5035B2322BDEE7C600525955 /* Debug */ = {
			isa = XCBuildConfiguration;
			buildSettings = {
				ALWAYS_EMBED_SWIFT_STANDARD_LIBRARIES = YES;
				CODE_SIGN_STYLE = Automatic;
				CURRENT_PROJECT_VERSION = 1;
				INFOPLIST_KEY_CFBundleDisplayName = WeatherWise;
				MARKETING_VERSION = 1.0;
				PRODUCT_BUNDLE_IDENTIFIER = np.com.paurakhsaud.WeatherWise;
				PRODUCT_NAME = "$(TARGET_NAME)";
				SDKROOT = iphoneos;
				SWIFT_VERSION = 5.0;
			};
			name = Debug;
		};
		5035B2332BDEE7C600525955 /* Release */ = {
			isa = XCBuildConfiguration;
			buildSettings = {
				ALWAYS_EMBED_SWIFT_STANDARD_LIBRARIES = YES;
				CODE_SIGN_STYLE = Automatic;
				CURRENT_PROJECT_VERSION = 1;
				INFOPLIST_KEY_CFBundleDisplayName = WeatherWise;
				MARKETING_VERSION = 1.0;
				PRODUCT_BUNDLE_IDENTIFIER = np.com.paurakhsaud.WeatherWise;
				PRODUCT_NAME = "$(TARGET_NAME)";
				SDKROOT = iphoneos;
				SWIFT_VERSION = 5.0;
				VALIDATE_PRODUCT = YES;
			};
			name = Release;
		};
/* End XCBuildConfiguration section */

/* Begin XCConfigurationList section */
		5035B2142BDEE7C300525955 /* Build configuration list for PBXProject "WeatherWise" */ = {
			isa = XCConfigurationList;
			buildConfigurations = (
				5035B22B2BDEE7C600525955 /* Debug */,
				5035B22C2BDEE7C600525955 /* Release */,
			);
			defaultConfigurationIsVisible = 0;
			defaultConfigurationName = Release;
		};
		5035B22D2BDEE7C600525955 /* Build configuration list for PBXNativeTarget "WeatherWise Watch App" */ = {
			isa = XCConfigurationList;
			buildConfigurations = (
				5035B22E2BDEE7C600525955 /* Debug */,
				5035B22F2BDEE7C600525955 /* Release */,
			);
			defaultConfigurationIsVisible = 0;
			defaultConfigurationName = Release;
		};
		5035B2312BDEE7C600525955 /* Build configuration list for PBXNativeTarget "WeatherWise" */ = {
			isa = XCConfigurationList;
			buildConfigurations = (
				5035B2322BDEE7C600525955 /* Debug */,
				5035B2332BDEE7C600525955 /* Release */,
			);
			defaultConfigurationIsVisible = 0;
			defaultConfigurationName = Release;
		};
/* End XCConfigurationList section */

/* Begin XCRemoteSwiftPackageReference section */
		50E4BFE32BF01D62005D5850 /* XCRemoteSwiftPackageReference "Alamofire" */ = {
			isa = XCRemoteSwiftPackageReference;
			repositoryURL = "https://github.com/Alamofire/Alamofire";
			requirement = {
				kind = upToNextMajorVersion;
				minimumVersion = 5.9.1;
			};
		};
/* End XCRemoteSwiftPackageReference section */

/* Begin XCSwiftPackageProductDependency section */
		50E4BFE42BF01D63005D5850 /* Alamofire */ = {
			isa = XCSwiftPackageProductDependency;
			package = 50E4BFE32BF01D62005D5850 /* XCRemoteSwiftPackageReference "Alamofire" */;
			productName = Alamofire;
		};
		50E4BFE62BF01D63005D5850 /* AlamofireDynamic */ = {
			isa = XCSwiftPackageProductDependency;
			package = 50E4BFE32BF01D62005D5850 /* XCRemoteSwiftPackageReference "Alamofire" */;
			productName = AlamofireDynamic;
		};
/* End XCSwiftPackageProductDependency section */
	};
	rootObject = 5035B2112BDEE7C300525955 /* Project object */;
}
